
Microsoft Visual Studio Solution File, Format Version 12.00
# Visual Studio Version 17
VisualStudioVersion = 17.10.34804.81
MinimumVisualStudioVersion = 10.0.40219.1
Project("{FAE04EC0-301F-11D3-BF4B-00C04F79EFBC}") = "CheckAlibreXPortableBinDirIsWorking", "CheckAlibreXPortableBinDirIsWorking.csproj", "{431FC6F5-B355-43AC-ACBB-C2E5C5F92121}"
EndProject
Global
	GlobalSection(SolutionConfigurationPlatforms) = preSolution
		Debug|Any CPU = Debug|Any CPU
		Release|Any CPU = Release|Any CPU
	EndGlobalSection
	GlobalSection(ProjectConfigurationPlatforms) = postSolution
		{431FC6F5-B355-43AC-ACBB-C2E5C5F92121}.Debug|Any CPU.ActiveCfg = Debug|Any CPU
		{431FC6F5-B355-43AC-ACBB-C2E5C5F92121}.Debug|Any CPU.Build.0 = Debug|Any CPU
		{431FC6F5-B355-43AC-ACBB-C2E5C5F92121}.Release|Any CPU.ActiveCfg = Release|Any CPU
		{431FC6F5-B355-43AC-ACBB-C2E5C5F92121}.Release|Any CPU.Build.0 = Release|Any CPU
	EndGlobalSection
	GlobalSection(SolutionProperties) = preSolution
		HideSolutionNode = FALSE
	EndGlobalSection
	GlobalSection(ExtensibilityGlobals) = postSolution
		SolutionGuid = {176DC76A-6095-40A4-BAF9-C646899C0DCD}
	EndGlobalSection
EndGlobal
